// !$*UTF8*$!
{
	archiveVersion = 1;
	classes = {
	};
	objectVersion = 50;
	objects = {

/* Begin PBXBuildFile section */
		3AA45BC6262D02D100790B33 /* AppDelegate.swift in Sources */ = {isa = PBXBuildFile; fileRef = 3AA45BC5262D02D100790B33 /* AppDelegate.swift */; };
		3AA45BC8262D02D100790B33 /* SceneDelegate.swift in Sources */ = {isa = PBXBuildFile; fileRef = 3AA45BC7262D02D100790B33 /* SceneDelegate.swift */; };
		3AA45BCA262D02D100790B33 /* ViewController.swift in Sources */ = {isa = PBXBuildFile; fileRef = 3AA45BC9262D02D100790B33 /* ViewController.swift */; };
		3AA45BCD262D02D100790B33 /* Main.storyboard in Resources */ = {isa = PBXBuildFile; fileRef = 3AA45BCB262D02D100790B33 /* Main.storyboard */; };
		3AA45BCF262D02D400790B33 /* Assets.xcassets in Resources */ = {isa = PBXBuildFile; fileRef = 3AA45BCE262D02D400790B33 /* Assets.xcassets */; };
		3AA45BD2262D02D400790B33 /* LaunchScreen.storyboard in Resources */ = {isa = PBXBuildFile; fileRef = 3AA45BD0262D02D400790B33 /* LaunchScreen.storyboard */; };
		3AA45BDB262D031D00790B33 /* Restaurants.swift in Sources */ = {isa = PBXBuildFile; fileRef = 3AA45BDA262D031D00790B33 /* Restaurants.swift */; };
		3AA45BDE262D066800790B33 /* NetworkManager.swift in Sources */ = {isa = PBXBuildFile; fileRef = 3AA45BDD262D066800790B33 /* NetworkManager.swift */; };
		3AA45BE2262D230900790B33 /* RestaurantCell.swift in Sources */ = {isa = PBXBuildFile; fileRef = 3AA45BE1262D230900790B33 /* RestaurantCell.swift */; };
		3AA45BE5262F0C6500790B33 /* DetailsViewController.swift in Sources */ = {isa = PBXBuildFile; fileRef = 3AA45BE4262F0C6500790B33 /* DetailsViewController.swift */; };
/* End PBXBuildFile section */

/* Begin PBXFileReference section */
		3AA45BC2262D02D100790B33 /* RestaurantsApp.app */ = {isa = PBXFileReference; explicitFileType = wrapper.application; includeInIndex = 0; path = RestaurantsApp.app; sourceTree = BUILT_PRODUCTS_DIR; };
		3AA45BC5262D02D100790B33 /* AppDelegate.swift */ = {isa = PBXFileReference; lastKnownFileType = sourcecode.swift; path = AppDelegate.swift; sourceTree = "<group>"; };
		3AA45BC7262D02D100790B33 /* SceneDelegate.swift */ = {isa = PBXFileReference; lastKnownFileType = sourcecode.swift; path = SceneDelegate.swift; sourceTree = "<group>"; };
		3AA45BC9262D02D100790B33 /* ViewController.swift */ = {isa = PBXFileReference; lastKnownFileType = sourcecode.swift; path = ViewController.swift; sourceTree = "<group>"; };
		3AA45BCC262D02D100790B33 /* Base */ = {isa = PBXFileReference; lastKnownFileType = file.storyboard; name = Base; path = Base.lproj/Main.storyboard; sourceTree = "<group>"; };
		3AA45BCE262D02D400790B33 /* Assets.xcassets */ = {isa = PBXFileReference; lastKnownFileType = folder.assetcatalog; path = Assets.xcassets; sourceTree = "<group>"; };
		3AA45BD1262D02D400790B33 /* Base */ = {isa = PBXFileReference; lastKnownFileType = file.storyboard; name = Base; path = Base.lproj/LaunchScreen.storyboard; sourceTree = "<group>"; };
		3AA45BD3262D02D400790B33 /* Info.plist */ = {isa = PBXFileReference; lastKnownFileType = text.plist.xml; path = Info.plist; sourceTree = "<group>"; };
		3AA45BDA262D031D00790B33 /* Restaurants.swift */ = {isa = PBXFileReference; lastKnownFileType = sourcecode.swift; path = Restaurants.swift; sourceTree = "<group>"; };
		3AA45BDD262D066800790B33 /* NetworkManager.swift */ = {isa = PBXFileReference; lastKnownFileType = sourcecode.swift; path = NetworkManager.swift; sourceTree = "<group>"; };
		3AA45BE1262D230900790B33 /* RestaurantCell.swift */ = {isa = PBXFileReference; lastKnownFileType = sourcecode.swift; path = RestaurantCell.swift; sourceTree = "<group>"; };
		3AA45BE4262F0C6500790B33 /* DetailsViewController.swift */ = {isa = PBXFileReference; lastKnownFileType = sourcecode.swift; path = DetailsViewController.swift; sourceTree = "<group>"; };
/* End PBXFileReference section */

/* Begin PBXFrameworksBuildPhase section */
		3AA45BBF262D02D100790B33 /* Frameworks */ = {
			isa = PBXFrameworksBuildPhase;
			buildActionMask = 2147483647;
			files = (
			);
			runOnlyForDeploymentPostprocessing = 0;
		};
/* End PBXFrameworksBuildPhase section */

/* Begin PBXGroup section */
		3AA45BB9262D02D100790B33 = {
			isa = PBXGroup;
			children = (
				3AA45BC4262D02D100790B33 /* RestaurantsApp */,
				3AA45BC3262D02D100790B33 /* Products */,
			);
			sourceTree = "<group>";
		};
		3AA45BC3262D02D100790B33 /* Products */ = {
			isa = PBXGroup;
			children = (
				3AA45BC2262D02D100790B33 /* RestaurantsApp.app */,
			);
			name = Products;
			sourceTree = "<group>";
		};
		3AA45BC4262D02D100790B33 /* RestaurantsApp */ = {
			isa = PBXGroup;
			children = (
				3AA45BC5262D02D100790B33 /* AppDelegate.swift */,
				3AA45BC7262D02D100790B33 /* SceneDelegate.swift */,
				3AA45BC9262D02D100790B33 /* ViewController.swift */,
				3AA45BCB262D02D100790B33 /* Main.storyboard */,
				3AA45BCE262D02D400790B33 /* Assets.xcassets */,
				3AA45BD0262D02D400790B33 /* LaunchScreen.storyboard */,
				3AA45BD3262D02D400790B33 /* Info.plist */,
				3AA45BDA262D031D00790B33 /* Restaurants.swift */,
				3AA45BDD262D066800790B33 /* NetworkManager.swift */,
				3AA45BE1262D230900790B33 /* RestaurantCell.swift */,
				3AA45BE4262F0C6500790B33 /* DetailsViewController.swift */,
			);
			path = RestaurantsApp;
			sourceTree = "<group>";
		};
/* End PBXGroup section */

/* Begin PBXNativeTarget section */
		3AA45BC1262D02D100790B33 /* RestaurantsApp */ = {
			isa = PBXNativeTarget;
			buildConfigurationList = 3AA45BD6262D02D400790B33 /* Build configuration list for PBXNativeTarget "RestaurantsApp" */;
			buildPhases = (
				3AA45BBE262D02D100790B33 /* Sources */,
				3AA45BBF262D02D100790B33 /* Frameworks */,
				3AA45BC0262D02D100790B33 /* Resources */,
			);
			buildRules = (
			);
			dependencies = (
			);
			name = RestaurantsApp;
			productName = RestaurantsApp;
			productReference = 3AA45BC2262D02D100790B33 /* RestaurantsApp.app */;
			productType = "com.apple.product-type.application";
		};
/* End PBXNativeTarget section */

/* Begin PBXProject section */
		3AA45BBA262D02D100790B33 /* Project object */ = {
			isa = PBXProject;
			attributes = {
				LastSwiftUpdateCheck = 1230;
				LastUpgradeCheck = 1230;
				TargetAttributes = {
					3AA45BC1262D02D100790B33 = {
						CreatedOnToolsVersion = 12.3;
					};
				};
			};
			buildConfigurationList = 3AA45BBD262D02D100790B33 /* Build configuration list for PBXProject "RestaurantsApp" */;
			compatibilityVersion = "Xcode 9.3";
			developmentRegion = en;
			hasScannedForEncodings = 0;
			knownRegions = (
				en,
				Base,
			);
			mainGroup = 3AA45BB9262D02D100790B33;
			productRefGroup = 3AA45BC3262D02D100790B33 /* Products */;
			projectDirPath = "";
			projectRoot = "";
			targets = (
				3AA45BC1262D02D100790B33 /* RestaurantsApp */,
			);
		};
/* End PBXProject section */

/* Begin PBXResourcesBuildPhase section */
		3AA45BC0262D02D100790B33 /* Resources */ = {
			isa = PBXResourcesBuildPhase;
			buildActionMask = 2147483647;
			files = (
				3AA45BD2262D02D400790B33 /* LaunchScreen.storyboard in Resources */,
				3AA45BCF262D02D400790B33 /* Assets.xcassets in Resources */,
				3AA45BCD262D02D100790B33 /* Main.storyboard in Resources */,
			);
			runOnlyForDeploymentPostprocessing = 0;
		};
/* End PBXResourcesBuildPhase section */

/* Begin PBXSourcesBuildPhase section */
		3AA45BBE262D02D100790B33 /* Sources */ = {
			isa = PBXSourcesBuildPhase;
			buildActionMask = 2147483647;
			files = (
				3AA45BE2262D230900790B33 /* RestaurantCell.swift in Sources */,
				3AA45BDB262D031D00790B33 /* Restaurants.swift in Sources */,
				3AA45BCA262D02D100790B33 /* ViewController.swift in Sources */,
				3AA45BDE262D066800790B33 /* NetworkManager.swift in Sources */,
				3AA45BE5262F0C6500790B33 /* DetailsViewController.swift in Sources */,
				3AA45BC6262D02D100790B33 /* AppDelegate.swift in Sources */,
				3AA45BC8262D02D100790B33 /* SceneDelegate.swift in Sources */,
			);
			runOnlyForDeploymentPostprocessing = 0;
		};
/* End PBXSourcesBuildPhase section */

/* Begin PBXVariantGroup section */
		3AA45BCB262D02D100790B33 /* Main.storyboard */ = {
			isa = PBXVariantGroup;
			children = (
				3AA45BCC262D02D100790B33 /* Base */,
			);
			name = Main.storyboard;
			sourceTree = "<group>";
		};
		3AA45BD0262D02D400790B33 /* LaunchScreen.storyboard */ = {
			isa = PBXVariantGroup;
			children = (
				3AA45BD1262D02D400790B33 /* Base */,
			);
			name = LaunchScreen.storyboard;
			sourceTree = "<group>";
		};
/* End PBXVariantGroup section */

/* Begin XCBuildConfiguration section */
		3AA45BD4262D02D400790B33 /* Debug */ = {
			isa = XCBuildConfiguration;
			buildSettings = {
				ALWAYS_SEARCH_USER_PATHS = NO;
				CLANG_ANALYZER_NONNULL = YES;
				CLANG_ANALYZER_NUMBER_OBJECT_CONVERSION = YES_AGGRESSIVE;
				CLANG_CXX_LANGUAGE_STANDARD = "gnu++14";
				CLANG_CXX_LIBRARY = "libc++";
				CLANG_ENABLE_MODULES = YES;
				CLANG_ENABLE_OBJC_ARC = YES;
				CLANG_ENABLE_OBJC_WEAK = YES;
				CLANG_WARN_BLOCK_CAPTURE_AUTORELEASING = YES;
				CLANG_WARN_BOOL_CONVERSION = YES;
				CLANG_WARN_COMMA = YES;
				CLANG_WARN_CONSTANT_CONVERSION = YES;
				CLANG_WARN_DEPRECATED_OBJC_IMPLEMENTATIONS = YES;
				CLANG_WARN_DIRECT_OBJC_ISA_USAGE = YES_ERROR;
				CLANG_WARN_DOCUMENTATION_COMMENTS = YES;
				CLANG_WARN_EMPTY_BODY = YES;
				CLANG_WARN_ENUM_CONVERSION = YES;
				CLANG_WARN_INFINITE_RECURSION = YES;
				CLANG_WARN_INT_CONVERSION = YES;
				CLANG_WARN_NON_LITERAL_NULL_CONVERSION = YES;
				CLANG_WARN_OBJC_IMPLICIT_RETAIN_SELF = YES;
				CLANG_WARN_OBJC_LITERAL_CONVERSION = YES;
				CLANG_WARN_OBJC_ROOT_CLASS = YES_ERROR;
				CLANG_WARN_QUOTED_INCLUDE_IN_FRAMEWORK_HEADER = YES;
				CLANG_WARN_RANGE_LOOP_ANALYSIS = YES;
				CLANG_WARN_STRICT_PROTOTYPES = YES;
				CLANG_WARN_SUSPICIOUS_MOVE = YES;
				CLANG_WARN_UNGUARDED_AVAILABILITY = YES_AGGRESSIVE;
				CLANG_WARN_UNREACHABLE_CODE = YES;
				CLANG_WARN__DUPLICATE_METHOD_MATCH = YES;
				COPY_PHASE_STRIP = NO;
				DEBUG_INFORMATION_FORMAT = dwarf;
				ENABLE_STRICT_OBJC_MSGSEND = YES;
				ENABLE_TESTABILITY = YES;
				GCC_C_LANGUAGE_STANDARD = gnu11;
				GCC_DYNAMIC_NO_PIC = NO;
				GCC_NO_COMMON_BLOCKS = YES;
				GCC_OPTIMIZATION_LEVEL = 0;
				GCC_PREPROCESSOR_DEFINITIONS = (
					"DEBUG=1",
					"$(inherited)",
				);
				GCC_WARN_64_TO_32_BIT_CONVERSION = YES;
				GCC_WARN_ABOUT_RETURN_TYPE = YES_ERROR;
				GCC_WARN_UNDECLARED_SELECTOR = YES;
				GCC_WARN_UNINITIALIZED_AUTOS = YES_AGGRESSIVE;
				GCC_WARN_UNUSED_FUNCTION = YES;
				GCC_WARN_UNUSED_VARIABLE = YES;
				IPHONEOS_DEPLOYMENT_TARGET = 14.3;
				MTL_ENABLE_DEBUG_INFO = INCLUDE_SOURCE;
				MTL_FAST_MATH = YES;
				ONLY_ACTIVE_ARCH = YES;
				SDKROOT = iphoneos;
				SWIFT_ACTIVE_COMPILATION_CONDITIONS = DEBUG;
				SWIFT_OPTIMIZATION_LEVEL = "-Onone";
			};
			name = Debug;
		};
		3AA45BD5262D02D400790B33 /* Release */ = {
			isa = XCBuildConfiguration;
			buildSettings = {
				ALWAYS_SEARCH_USER_PATHS = NO;
				CLANG_ANALYZER_NONNULL = YES;
				CLANG_ANALYZER_NUMBER_OBJECT_CONVERSION = YES_AGGRESSIVE;
				CLANG_CXX_LANGUAGE_STANDARD = "gnu++14";
				CLANG_CXX_LIBRARY = "libc++";
				CLANG_ENABLE_MODULES = YES;
				CLANG_ENABLE_OBJC_ARC = YES;
				CLANG_ENABLE_OBJC_WEAK = YES;
				CLANG_WARN_BLOCK_CAPTURE_AUTORELEASING = YES;
				CLANG_WARN_BOOL_CONVERSION = YES;
				CLANG_WARN_COMMA = YES;
				CLANG_WARN_CONSTANT_CONVERSION = YES;
				CLANG_WARN_DEPRECATED_OBJC_IMPLEMENTATIONS = YES;
				CLANG_WARN_DIRECT_OBJC_ISA_USAGE = YES_ERROR;
				CLANG_WARN_DOCUMENTATION_COMMENTS = YES;
				CLANG_WARN_EMPTY_BODY = YES;
				CLANG_WARN_ENUM_CONVERSION = YES;
				CLANG_WARN_INFINITE_RECURSION = YES;
				CLANG_WARN_INT_CONVERSION = YES;
				CLANG_WARN_NON_LITERAL_NULL_CONVERSION = YES;
				CLANG_WARN_OBJC_IMPLICIT_RETAIN_SELF = YES;
				CLANG_WARN_OBJC_LITERAL_CONVERSION = YES;
				CLANG_WARN_OBJC_ROOT_CLASS = YES_ERROR;
				CLANG_WARN_QUOTED_INCLUDE_IN_FRAMEWORK_HEADER = YES;
				CLANG_WARN_RANGE_LOOP_ANALYSIS = YES;
				CLANG_WARN_STRICT_PROTOTYPES = YES;
				CLANG_WARN_SUSPICIOUS_MOVE = YES;
				CLANG_WARN_UNGUARDED_AVAILABILITY = YES_AGGRESSIVE;
				CLANG_WARN_UNREACHABLE_CODE = YES;
				CLANG_WARN__DUPLICATE_METHOD_MATCH = YES;
				COPY_PHASE_STRIP = NO;
				DEBUG_INFORMATION_FORMAT = "dwarf-with-dsym";
				ENABLE_NS_ASSERTIONS = NO;
				ENABLE_STRICT_OBJC_MSGSEND = YES;
				GCC_C_LANGUAGE_STANDARD = gnu11;
				GCC_NO_COMMON_BLOCKS = YES;
				GCC_WARN_64_TO_32_BIT_CONVERSION = YES;
				GCC_WARN_ABOUT_RETURN_TYPE = YES_ERROR;
				GCC_WARN_UNDECLARED_SELECTOR = YES;
				GCC_WARN_UNINITIALIZED_AUTOS = YES_AGGRESSIVE;
				GCC_WARN_UNUSED_FUNCTION = YES;
				GCC_WARN_UNUSED_VARIABLE = YES;
				IPHONEOS_DEPLOYMENT_TARGET = 14.3;
				MTL_ENABLE_DEBUG_INFO = NO;
				MTL_FAST_MATH = YES;
				SDKROOT = iphoneos;
				SWIFT_COMPILATION_MODE = wholemodule;
				SWIFT_OPTIMIZATION_LEVEL = "-O";
				VALIDATE_PRODUCT = YES;
			};
			name = Release;
		};
		3AA45BD7262D02D400790B33 /* Debug */ = {
			isa = XCBuildConfiguration;
			buildSettings = {
				ASSETCATALOG_COMPILER_APPICON_NAME = AppIcon;
				ASSETCATALOG_COMPILER_GLOBAL_ACCENT_COLOR_NAME = AccentColor;
				CODE_SIGN_STYLE = Automatic;
				INFOPLIST_FILE = RestaurantsApp/Info.plist;
				LD_RUNPATH_SEARCH_PATHS = (
					"$(inherited)",
					"@executable_path/Frameworks",
				);
				PRODUCT_BUNDLE_IDENTIFIER = com.eoe.RestaurantsApp;
				PRODUCT_NAME = "$(TARGET_NAME)";
				SWIFT_VERSION = 5.0;
				TARGETED_DEVICE_FAMILY = "1,2";
			};
			name = Debug;
		};
		3AA45BD8262D02D400790B33 /* Release */ = {
			isa = XCBuildConfiguration;
			buildSettings = {
				ASSETCATALOG_COMPILER_APPICON_NAME = AppIcon;
				ASSETCATALOG_COMPILER_GLOBAL_ACCENT_COLOR_NAME = AccentColor;
				CODE_SIGN_STYLE = Automatic;
				INFOPLIST_FILE = RestaurantsApp/Info.plist;
				LD_RUNPATH_SEARCH_PATHS = (
					"$(inherited)",
					"@executable_path/Frameworks",
				);
				PRODUCT_BUNDLE_IDENTIFIER = com.eoe.RestaurantsApp;
				PRODUCT_NAME = "$(TARGET_NAME)";
				SWIFT_VERSION = 5.0;
				TARGETED_DEVICE_FAMILY = "1,2";
			};
			name = Release;
		};
/* End XCBuildConfiguration section */

/* Begin XCConfigurationList section */
		3AA45BBD262D02D100790B33 /* Build configuration list for PBXProject "RestaurantsApp" */ = {
			isa = XCConfigurationList;
			buildConfigurations = (
				3AA45BD4262D02D400790B33 /* Debug */,
				3AA45BD5262D02D400790B33 /* Release */,
			);
			defaultConfigurationIsVisible = 0;
			defaultConfigurationName = Release;
		};
		3AA45BD6262D02D400790B33 /* Build configuration list for PBXNativeTarget "RestaurantsApp" */ = {
			isa = XCConfigurationList;
			buildConfigurations = (
				3AA45BD7262D02D400790B33 /* Debug */,
				3AA45BD8262D02D400790B33 /* Release */,
			);
			defaultConfigurationIsVisible = 0;
			defaultConfigurationName = Release;
		};
/* End XCConfigurationList section */
	};
	rootObject = 3AA45BBA262D02D100790B33 /* Project object */;
}
